<?xml version="1.0" encoding="utf-8"?>
<Project ToolsVersion="4.0" xmlns="http://schemas.microsoft.com/developer/msbuild/2003">
  <ItemGroup>
    <Filter Include="Source Files">
      <UniqueIdentifier>{4FC737F1-C7A5-4376-A066-2A32D752A2FF}</UniqueIdentifier>
      <Extensions>cpp;c;cxx;def;odl;idl;hpj;bat;asm;asmx</Extensions>
    </Filter>
    <Filter Include="Header Files">
      <UniqueIdentifier>{93995380-89BD-4b04-88EB-625FBE52EBFB}</UniqueIdentifier>
      <Extensions>h;hpp;hxx;hm;inl;inc;xsd</Extensions>
    </Filter>
  </ItemGroup>
  <ItemGroup>
    <ClCompile Include="AttackHandler.cpp">
      <Filter>Source Files</Filter>
    </ClCompile>
    <ClCompile Include="ButtonHandler.cpp">
      <Filter>Source Files</Filter>
    </ClCompile>
    <ClCompile Include="CharacterMove.cpp">
      <Filter>Source Files</Filter>
    </ClCompile>
    <ClCompile Include="Credits.cpp">
      <Filter>Source Files</Filter>
    </ClCompile>
    <ClCompile Include="DeathMenu.cpp">
      <Filter>Source Files</Filter>
    </ClCompile>
    <ClCompile Include="DemoEndText.cpp">
      <Filter>Source Files</Filter>
    </ClCompile>
    <ClCompile Include="EffectHandler.cpp">
      <Filter>Source Files</Filter>
    </ClCompile>
    <ClCompile Include="FadeHandler.cpp">
      <Filter>Source Files</Filter>
    </ClCompile>
    <ClCompile Include="GameArea.cpp">
      <Filter>Source Files</Filter>
    </ClCompile>
    <ClCompile Include="GameDamageArea.cpp">
      <Filter>Source Files</Filter>
    </ClCompile>
    <ClCompile Include="GameEnemy.cpp">
      <Filter>Source Files</Filter>
    </ClCompile>
    <ClCompile Include="GameEnemy_Dog.cpp">
      <Filter>Source Files</Filter>
    </ClCompile>
    <ClCompile Include="GameEnemy_Spider.cpp">
      <Filter>Source Files</Filter>
    </ClCompile>
    <ClCompile Include="GameEnemy_Worm.cpp">
      <Filter>Source Files</Filter>
    </ClCompile>
    <ClCompile Include="GameEntity.cpp">
      <Filter>Source Files</Filter>
    </ClCompile>
    <ClCompile Include="GameForceArea.cpp">
      <Filter>Source Files</Filter>
    </ClCompile>
    <ClCompile Include="GameItem.cpp">
      <Filter>Source Files</Filter>
    </ClCompile>
    <ClCompile Include="GameItemType.cpp">
      <Filter>Source Files</Filter>
    </ClCompile>
    <ClCompile Include="GameLadder.cpp">
      <Filter>Source Files</Filter>
    </ClCompile>
    <ClCompile Include="GameLamp.cpp">
      <Filter>Source Files</Filter>
    </ClCompile>
    <ClCompile Include="GameLink.cpp">
      <Filter>Source Files</Filter>
    </ClCompile>
    <ClCompile Include="GameLiquidArea.cpp">
      <Filter>Source Files</Filter>
    </ClCompile>
    <ClCompile Include="GameMessageHandler.cpp">
      <Filter>Source Files</Filter>
    </ClCompile>
    <ClCompile Include="GameMusicHandler.cpp">
      <Filter>Source Files</Filter>
    </ClCompile>
    <ClCompile Include="GameObject.cpp">
      <Filter>Source Files</Filter>
    </ClCompile>
    <ClCompile Include="GameSaveArea.cpp">
      <Filter>Source Files</Filter>
    </ClCompile>
    <ClCompile Include="GameScripts.cpp">
      <Filter>Source Files</Filter>
    </ClCompile>
    <ClCompile Include="GameStickArea.cpp">
      <Filter>Source Files</Filter>
    </ClCompile>
    <ClCompile Include="GameSwingDoor.cpp">
      <Filter>Source Files</Filter>
    </ClCompile>
    <ClCompile Include="GameTypes.cpp">
      <Filter>Source Files</Filter>
    </ClCompile>
    <ClCompile Include="GraphicsHelper.cpp">
      <Filter>Source Files</Filter>
    </ClCompile>
    <ClCompile Include="HapticGameCamera.cpp">
      <Filter>Source Files</Filter>
    </ClCompile>
    <ClCompile Include="HudModel_Throw.cpp">
      <Filter>Source Files</Filter>
    </ClCompile>
    <ClCompile Include="HudModel_Weapon.cpp">
      <Filter>Source Files</Filter>
    </ClCompile>
    <ClCompile Include="Init.cpp">
      <Filter>Source Files</Filter>
    </ClCompile>
    <ClCompile Include="IntroStory.cpp">
      <Filter>Source Files</Filter>
    </ClCompile>
    <ClCompile Include="Inventory.cpp">
      <Filter>Source Files</Filter>
    </ClCompile>
    <ClCompile Include="Main.cpp">
      <Filter>Source Files</Filter>
    </ClCompile>
    <ClCompile Include="MainMenu.cpp">
      <Filter>Source Files</Filter>
    </ClCompile>
    <ClCompile Include="MapHandler.cpp">
      <Filter>Source Files</Filter>
    </ClCompile>
    <ClCompile Include="MapLoadText.cpp">
      <Filter>Source Files</Filter>
    </ClCompile>
    <ClCompile Include="Notebook.cpp">
      <Filter>Source Files</Filter>
    </ClCompile>
    <ClCompile Include="NumericalPanel.cpp">
      <Filter>Source Files</Filter>
    </ClCompile>
    <ClCompile Include="Player.cpp">
      <Filter>Source Files</Filter>
    </ClCompile>
    <ClCompile Include="PlayerHands.cpp">
      <Filter>Source Files</Filter>
    </ClCompile>
    <ClCompile Include="PlayerHelper.cpp">
      <Filter>Source Files</Filter>
    </ClCompile>
    <ClCompile Include="PlayerState_Interact.cpp">
      <Filter>Source Files</Filter>
    </ClCompile>
    <ClCompile Include="PlayerState_InteractHaptX.cpp">
      <Filter>Source Files</Filter>
    </ClCompile>
    <ClCompile Include="PlayerState_Misc.cpp">
      <Filter>Source Files</Filter>
    </ClCompile>
    <ClCompile Include="PlayerState_MiscHaptX.cpp">
      <Filter>Source Files</Filter>
    </ClCompile>
    <ClCompile Include="PlayerState_Weapon.cpp">
      <Filter>Source Files</Filter>
    </ClCompile>
    <ClCompile Include="PlayerState_WeaponHaptX.cpp">
      <Filter>Source Files</Filter>
    </ClCompile>
    <ClCompile Include="PreMenu.cpp">
      <Filter>Source Files</Filter>
    </ClCompile>
    <ClCompile Include="RadioHandler.cpp">
      <Filter>Source Files</Filter>
    </ClCompile>
    <ClCompile Include="SaveHandler.cpp">
      <Filter>Source Files</Filter>
    </ClCompile>
    <ClCompile Include="SaveTypes.cpp">
      <Filter>Source Files</Filter>
    </ClCompile>
    <ClCompile Include="StdAfx.cpp">
      <Filter>Source Files</Filter>
    </ClCompile>
    <ClCompile Include="TriggerHandler.cpp">
      <Filter>Source Files</Filter>
    </ClCompile>
    <ClCompile Include="Triggers.cpp">
      <Filter>Source Files</Filter>
    </ClCompile>
  </ItemGroup>
  <ItemGroup>
    <ClInclude Include="AttackHandler.h">
      <Filter>Header Files</Filter>
    </ClInclude>
    <ClInclude Include="ButtonHandler.h">
      <Filter>Header Files</Filter>
    </ClInclude>
    <ClInclude Include="CharacterMove.h">
      <Filter>Header Files</Filter>
    </ClInclude>
    <ClInclude Include="Credits.h">
      <Filter>Header Files</Filter>
    </ClInclude>
    <ClInclude Include="DeathMenu.h">
      <Filter>Header Files</Filter>
    </ClInclude>
    <ClInclude Include="DemoEndText.h">
      <Filter>Header Files</Filter>
    </ClInclude>
    <ClInclude Include="EffectHandler.h">
      <Filter>Header Files</Filter>
    </ClInclude>
    <ClInclude Include="FadeHandler.h">
      <Filter>Header Files</Filter>
    </ClInclude>
    <ClInclude Include="GameArea.h">
      <Filter>Header Files</Filter>
    </ClInclude>
    <ClInclude Include="GameDamageArea.h">
      <Filter>Header Files</Filter>
    </ClInclude>
    <ClInclude Include="GameEnemy.h">
      <Filter>Header Files</Filter>
    </ClInclude>
    <ClInclude Include="GameEnemy_Dog.h">
      <Filter>Header Files</Filter>
    </ClInclude>
    <ClInclude Include="GameEnemy_Spider.h">
      <Filter>Header Files</Filter>
    </ClInclude>
    <ClInclude Include="GameEnemy_Worm.h">
      <Filter>Header Files</Filter>
    </ClInclude>
    <ClInclude Include="GameEntity.h">
      <Filter>Header Files</Filter>
    </ClInclude>
    <ClInclude Include="GameForceArea.h">
      <Filter>Header Files</Filter>
    </ClInclude>
    <ClInclude Include="GameItem.h">
      <Filter>Header Files</Filter>
    </ClInclude>
    <ClInclude Include="GameItemType.h">
      <Filter>Header Files</Filter>
    </ClInclude>
    <ClInclude Include="GameLadder.h">
      <Filter>Header Files</Filter>
    </ClInclude>
    <ClInclude Include="GameLamp.h">
      <Filter>Header Files</Filter>
    </ClInclude>
    <ClInclude Include="GameLink.h">
      <Filter>Header Files</Filter>
    </ClInclude>
    <ClInclude Include="GameLiquidArea.h">
      <Filter>Header Files</Filter>
    </ClInclude>
    <ClInclude Include="GameMessageHandler.h">
      <Filter>Header Files</Filter>
    </ClInclude>
    <ClInclude Include="GameMusicHandler.h">
      <Filter>Header Files</Filter>
    </ClInclude>
    <ClInclude Include="GameObject.h">
      <Filter>Header Files</Filter>
    </ClInclude>
    <ClInclude Include="GameSaveArea.h">
      <Filter>Header Files</Filter>
    </ClInclude>
    <ClInclude Include="GameScripts.h">
      <Filter>Header Files</Filter>
    </ClInclude>
    <ClInclude Include="GameStickArea.h">
      <Filter>Header Files</Filter>
    </ClInclude>
    <ClInclude Include="GameSwingDoor.h">
      <Filter>Header Files</Filter>
    </ClInclude>
    <ClInclude Include="GameTypes.h">
      <Filter>Header Files</Filter>
    </ClInclude>
    <ClInclude Include="GlobalInit.h">
      <Filter>Header Files</Filter>
    </ClInclude>
    <ClInclude Include="GraphicsHelper.h">
      <Filter>Header Files</Filter>
    </ClInclude>
    <ClInclude Include="HapticGameCamera.h">
      <Filter>Header Files</Filter>
    </ClInclude>
    <ClInclude Include="HudModel_Throw.h">
      <Filter>Header Files</Filter>
    </ClInclude>
    <ClInclude Include="HudModel_Weapon.h">
      <Filter>Header Files</Filter>
    </ClInclude>
    <ClInclude Include="Init.h">
      <Filter>Header Files</Filter>
    </ClInclude>
    <ClInclude Include="IntroStory.h">
      <Filter>Header Files</Filter>
    </ClInclude>
    <ClInclude Include="Inventory.h">
      <Filter>Header Files</Filter>
    </ClInclude>
    <ClInclude Include="MainMenu.h">
      <Filter>Header Files</Filter>
    </ClInclude>
    <ClInclude Include="MapHandler.h">
      <Filter>Header Files</Filter>
    </ClInclude>
    <ClInclude Include="MapLoadText.h">
      <Filter>Header Files</Filter>
    </ClInclude>
    <ClInclude Include="Notebook.h">
      <Filter>Header Files</Filter>
    </ClInclude>
    <ClInclude Include="NumericalPanel.h">
      <Filter>Header Files</Filter>
    </ClInclude>
    <ClInclude Include="Player.h">
      <Filter>Header Files</Filter>
    </ClInclude>
    <ClInclude Include="PlayerHands.h">
      <Filter>Header Files</Filter>
    </ClInclude>
    <ClInclude Include="PlayerHelper.h">
      <Filter>Header Files</Filter>
    </ClInclude>
    <ClInclude Include="PlayerMoveStates.h">
      <Filter>Header Files</Filter>
    </ClInclude>
    <ClInclude Include="PlayerState.h">
      <Filter>Header Files</Filter>
    </ClInclude>
    <ClInclude Include="PlayerState_Interact.h">
      <Filter>Header Files</Filter>
    </ClInclude>
    <ClInclude Include="PlayerState_InteractHaptX.h">
      <Filter>Header Files</Filter>
    </ClInclude>
    <ClInclude Include="PlayerState_Misc.h">
      <Filter>Header Files</Filter>
    </ClInclude>
    <ClInclude Include="PlayerState_MiscHaptX.h">
      <Filter>Header Files</Filter>
    </ClInclude>
    <ClInclude Include="PlayerState_Weapon.h">
      <Filter>Header Files</Filter>
    </ClInclude>
    <ClInclude Include="PlayerState_WeaponHaptX.h">
      <Filter>Header Files</Filter>
    </ClInclude>
    <ClInclude Include="PreMenu.h">
      <Filter>Header Files</Filter>
    </ClInclude>
    <ClInclude Include="RadioHandler.h">
      <Filter>Header Files</Filter>
    </ClInclude>
    <ClInclude Include="resource.h">
      <Filter>Header Files</Filter>
    </ClInclude>
    <ClInclude Include="SaveHandler.h">
      <Filter>Header Files</Filter>
    </ClInclude>
    <ClInclude Include="SaveTypes.h">
      <Filter>Header Files</Filter>
    </ClInclude>
    <ClInclude Include="StdAfx.h">
      <Filter>Header Files</Filter>
    </ClInclude>
    <ClInclude Include="TriggerHandler.h">
      <Filter>Header Files</Filter>
    </ClInclude>
    <ClInclude Include="Triggers.h">
      <Filter>Header Files</Filter>
    </ClInclude>
  </ItemGroup>
</Project>